// !$*UTF8*$!
{
	archiveVersion = 1;
	classes = {
	};
	objectVersion = 56;
	objects = {

/* Begin PBXBuildFile section */
		9F4E807E2BD27FA3000B195E /* GenreMovieListDTO.swift in Sources */ = {isa = PBXBuildFile; fileRef = 9F4E807D2BD27FA3000B195E /* GenreMovieListDTO.swift */; };
		9F4E80802BD27FAE000B195E /* GenreMovieListBO.swift in Sources */ = {isa = PBXBuildFile; fileRef = 9F4E807F2BD27FAE000B195E /* GenreMovieListBO.swift */; };
		9F4E80822BD27FB9000B195E /* GenreMovieListMapper.swift in Sources */ = {isa = PBXBuildFile; fileRef = 9F4E80812BD27FB9000B195E /* GenreMovieListMapper.swift */; };
		9F4E80852BD28451000B195E /* HomePopularViewModel.swift in Sources */ = {isa = PBXBuildFile; fileRef = 9F4E80842BD28451000B195E /* HomePopularViewModel.swift */; };
		9F4E80892BD2898A000B195E /* Repository.swift in Sources */ = {isa = PBXBuildFile; fileRef = 9F4E80882BD2898A000B195E /* Repository.swift */; };
		9F4E808C2BD28E20000B195E /* Interactor.swift in Sources */ = {isa = PBXBuildFile; fileRef = 9F4E808B2BD28E20000B195E /* Interactor.swift */; };
		9F4E808F2BD676E7000B195E /* Constants.swift in Sources */ = {isa = PBXBuildFile; fileRef = 9F4E808E2BD676E7000B195E /* Constants.swift */; };
		9F4E80912BD67AAF000B195E /* Util.swift in Sources */ = {isa = PBXBuildFile; fileRef = 9F4E80902BD67AAF000B195E /* Util.swift */; };
		9F4E80972BD685E2000B195E /* SectionsHomePopularView.swift in Sources */ = {isa = PBXBuildFile; fileRef = 9F4E80962BD685E2000B195E /* SectionsHomePopularView.swift */; };
		9F4E809A2BD68ADC000B195E /* ListGenreSection.swift in Sources */ = {isa = PBXBuildFile; fileRef = 9F4E80992BD68ADC000B195E /* ListGenreSection.swift */; };
		9F4E809C2BD92827000B195E /* TheMostPopularSectionView.swift in Sources */ = {isa = PBXBuildFile; fileRef = 9F4E809B2BD92827000B195E /* TheMostPopularSectionView.swift */; };
		9F4E80A42BD92B49000B195E /* PopularMovieListBO.swift in Sources */ = {isa = PBXBuildFile; fileRef = 9F4E80A32BD92B49000B195E /* PopularMovieListBO.swift */; };
		9F4E80A62BD92B67000B195E /* PopularMovieListMapper.swift in Sources */ = {isa = PBXBuildFile; fileRef = 9F4E80A52BD92B67000B195E /* PopularMovieListMapper.swift */; };
		9F56BCD72BDBBECC00274D0E /* PopularMovieListDTO.swift in Sources */ = {isa = PBXBuildFile; fileRef = 9F56BCD62BDBBECC00274D0E /* PopularMovieListDTO.swift */; };
		9FD0E8F12BD27ACC006E7D71 /* ButtonView.swift in Sources */ = {isa = PBXBuildFile; fileRef = 9FD0E8F02BD27ACC006E7D71 /* ButtonView.swift */; };
		9FF643242BC6AE7A00026155 /* WhatWeSeeApp.swift in Sources */ = {isa = PBXBuildFile; fileRef = 9FF643232BC6AE7A00026155 /* WhatWeSeeApp.swift */; };
		9FF643262BC6AE7A00026155 /* ContentView.swift in Sources */ = {isa = PBXBuildFile; fileRef = 9FF643252BC6AE7A00026155 /* ContentView.swift */; };
		9FF643282BC6AE7B00026155 /* Assets.xcassets in Resources */ = {isa = PBXBuildFile; fileRef = 9FF643272BC6AE7B00026155 /* Assets.xcassets */; };
		9FF6432B2BC6AE7B00026155 /* Preview Assets.xcassets in Resources */ = {isa = PBXBuildFile; fileRef = 9FF6432A2BC6AE7B00026155 /* Preview Assets.xcassets */; };
		9FF643342BC6B24700026155 /* HomePopularView.swift in Sources */ = {isa = PBXBuildFile; fileRef = 9FF643332BC6B24700026155 /* HomePopularView.swift */; };
/* End PBXBuildFile section */

/* Begin PBXFileReference section */
		9F4E807D2BD27FA3000B195E /* GenreMovieListDTO.swift */ = {isa = PBXFileReference; lastKnownFileType = sourcecode.swift; path = GenreMovieListDTO.swift; sourceTree = "<group>"; };
		9F4E807F2BD27FAE000B195E /* GenreMovieListBO.swift */ = {isa = PBXFileReference; lastKnownFileType = sourcecode.swift; path = GenreMovieListBO.swift; sourceTree = "<group>"; };
		9F4E80812BD27FB9000B195E /* GenreMovieListMapper.swift */ = {isa = PBXFileReference; lastKnownFileType = sourcecode.swift; path = GenreMovieListMapper.swift; sourceTree = "<group>"; };
		9F4E80842BD28451000B195E /* HomePopularViewModel.swift */ = {isa = PBXFileReference; lastKnownFileType = sourcecode.swift; path = HomePopularViewModel.swift; sourceTree = "<group>"; };
		9F4E80882BD2898A000B195E /* Repository.swift */ = {isa = PBXFileReference; lastKnownFileType = sourcecode.swift; path = Repository.swift; sourceTree = "<group>"; };
		9F4E808B2BD28E20000B195E /* Interactor.swift */ = {isa = PBXFileReference; lastKnownFileType = sourcecode.swift; path = Interactor.swift; sourceTree = "<group>"; };
		9F4E808E2BD676E7000B195E /* Constants.swift */ = {isa = PBXFileReference; lastKnownFileType = sourcecode.swift; path = Constants.swift; sourceTree = "<group>"; };
		9F4E80902BD67AAF000B195E /* Util.swift */ = {isa = PBXFileReference; lastKnownFileType = sourcecode.swift; path = Util.swift; sourceTree = "<group>"; };
		9F4E80922BD67AF8000B195E /* Info.plist */ = {isa = PBXFileReference; lastKnownFileType = text.plist; path = Info.plist; sourceTree = "<group>"; };
		9F4E80952BD67B8A000B195E /* PrivateConfig.xcconfig */ = {isa = PBXFileReference; lastKnownFileType = text.xcconfig; path = PrivateConfig.xcconfig; sourceTree = "<group>"; };
		9F4E80962BD685E2000B195E /* SectionsHomePopularView.swift */ = {isa = PBXFileReference; lastKnownFileType = sourcecode.swift; path = SectionsHomePopularView.swift; sourceTree = "<group>"; };
		9F4E80992BD68ADC000B195E /* ListGenreSection.swift */ = {isa = PBXFileReference; lastKnownFileType = sourcecode.swift; path = ListGenreSection.swift; sourceTree = "<group>"; };
		9F4E809B2BD92827000B195E /* TheMostPopularSectionView.swift */ = {isa = PBXFileReference; lastKnownFileType = sourcecode.swift; path = TheMostPopularSectionView.swift; sourceTree = "<group>"; };
		9F4E80A32BD92B49000B195E /* PopularMovieListBO.swift */ = {isa = PBXFileReference; lastKnownFileType = sourcecode.swift; path = PopularMovieListBO.swift; sourceTree = "<group>"; };
		9F4E80A52BD92B67000B195E /* PopularMovieListMapper.swift */ = {isa = PBXFileReference; lastKnownFileType = sourcecode.swift; path = PopularMovieListMapper.swift; sourceTree = "<group>"; };
		9F56BCD62BDBBECC00274D0E /* PopularMovieListDTO.swift */ = {isa = PBXFileReference; lastKnownFileType = sourcecode.swift; path = PopularMovieListDTO.swift; sourceTree = "<group>"; };
		9FD0E8F02BD27ACC006E7D71 /* ButtonView.swift */ = {isa = PBXFileReference; lastKnownFileType = sourcecode.swift; path = ButtonView.swift; sourceTree = "<group>"; };
		9FF643202BC6AE7A00026155 /* WhatWeSee.app */ = {isa = PBXFileReference; explicitFileType = wrapper.application; includeInIndex = 0; path = WhatWeSee.app; sourceTree = BUILT_PRODUCTS_DIR; };
		9FF643232BC6AE7A00026155 /* WhatWeSeeApp.swift */ = {isa = PBXFileReference; lastKnownFileType = sourcecode.swift; path = WhatWeSeeApp.swift; sourceTree = "<group>"; };
		9FF643252BC6AE7A00026155 /* ContentView.swift */ = {isa = PBXFileReference; lastKnownFileType = sourcecode.swift; path = ContentView.swift; sourceTree = "<group>"; };
		9FF643272BC6AE7B00026155 /* Assets.xcassets */ = {isa = PBXFileReference; lastKnownFileType = folder.assetcatalog; path = Assets.xcassets; sourceTree = "<group>"; };
		9FF6432A2BC6AE7B00026155 /* Preview Assets.xcassets */ = {isa = PBXFileReference; lastKnownFileType = folder.assetcatalog; path = "Preview Assets.xcassets"; sourceTree = "<group>"; };
		9FF643332BC6B24700026155 /* HomePopularView.swift */ = {isa = PBXFileReference; lastKnownFileType = sourcecode.swift; path = HomePopularView.swift; sourceTree = "<group>"; };
/* End PBXFileReference section */

/* Begin PBXFrameworksBuildPhase section */
		9FF6431D2BC6AE7A00026155 /* Frameworks */ = {
			isa = PBXFrameworksBuildPhase;
			buildActionMask = 2147483647;
			files = (
			);
			runOnlyForDeploymentPostprocessing = 0;
		};
/* End PBXFrameworksBuildPhase section */

/* Begin PBXGroup section */
		9F4E80782BD27F12000B195E /* Model */ = {
			isa = PBXGroup;
			children = (
				9F4E809D2BD92ABB000B195E /* PopularMovieList */,
				9F4E80792BD27F24000B195E /* GenreMovieList */,
			);
			path = Model;
			sourceTree = "<group>";
		};
		9F4E80792BD27F24000B195E /* GenreMovieList */ = {
			isa = PBXGroup;
			children = (
				9F4E807C2BD27F80000B195E /* DTO */,
				9F4E807B2BD27F76000B195E /* BO */,
				9F4E807A2BD27F6D000B195E /* Mapper */,
			);
			path = GenreMovieList;
			sourceTree = "<group>";
		};
		9F4E807A2BD27F6D000B195E /* Mapper */ = {
			isa = PBXGroup;
			children = (
				9F4E80812BD27FB9000B195E /* GenreMovieListMapper.swift */,
			);
			path = Mapper;
			sourceTree = "<group>";
		};
		9F4E807B2BD27F76000B195E /* BO */ = {
			isa = PBXGroup;
			children = (
				9F4E807F2BD27FAE000B195E /* GenreMovieListBO.swift */,
			);
			path = BO;
			sourceTree = "<group>";
		};
		9F4E807C2BD27F80000B195E /* DTO */ = {
			isa = PBXGroup;
			children = (
				9F4E807D2BD27FA3000B195E /* GenreMovieListDTO.swift */,
			);
			path = DTO;
			sourceTree = "<group>";
		};
		9F4E80832BD28430000B195E /* Provider */ = {
			isa = PBXGroup;
			children = (
				9F4E808A2BD28E0E000B195E /* Interactor */,
				9F4E80862BD28952000B195E /* Repository */,
			);
			path = Provider;
			sourceTree = "<group>";
		};
		9F4E80862BD28952000B195E /* Repository */ = {
			isa = PBXGroup;
			children = (
				9F4E80882BD2898A000B195E /* Repository.swift */,
			);
			path = Repository;
			sourceTree = "<group>";
		};
		9F4E808A2BD28E0E000B195E /* Interactor */ = {
			isa = PBXGroup;
			children = (
				9F4E808B2BD28E20000B195E /* Interactor.swift */,
			);
			path = Interactor;
			sourceTree = "<group>";
		};
		9F4E808D2BD676BF000B195E /* Utils */ = {
			isa = PBXGroup;
			children = (
				9F4E808E2BD676E7000B195E /* Constants.swift */,
				9F4E80902BD67AAF000B195E /* Util.swift */,
			);
			path = Utils;
			sourceTree = "<group>";
		};
		9F4E80932BD67B23000B195E /* SupportingFiles */ = {
			isa = PBXGroup;
			children = (
				9F4E80952BD67B8A000B195E /* PrivateConfig.xcconfig */,
			);
			path = SupportingFiles;
			sourceTree = "<group>";
		};
		9F4E80982BD68AAC000B195E /* Sections */ = {
			isa = PBXGroup;
			children = (
				9F4E80992BD68ADC000B195E /* ListGenreSection.swift */,
				9F4E809B2BD92827000B195E /* TheMostPopularSectionView.swift */,
			);
			path = Sections;
			sourceTree = "<group>";
		};
		9F4E809D2BD92ABB000B195E /* PopularMovieList */ = {
			isa = PBXGroup;
			children = (
				9F4E80A02BD92B09000B195E /* DTO */,
				9F4E809F2BD92B02000B195E /* BO */,
				9F4E809E2BD92AF8000B195E /* Mapper */,
			);
			path = PopularMovieList;
			sourceTree = "<group>";
		};
		9F4E809E2BD92AF8000B195E /* Mapper */ = {
			isa = PBXGroup;
			children = (
				9F4E80A52BD92B67000B195E /* PopularMovieListMapper.swift */,
			);
			path = Mapper;
			sourceTree = "<group>";
		};
		9F4E809F2BD92B02000B195E /* BO */ = {
			isa = PBXGroup;
			children = (
				9F4E80A32BD92B49000B195E /* PopularMovieListBO.swift */,
			);
			path = BO;
			sourceTree = "<group>";
		};
		9F4E80A02BD92B09000B195E /* DTO */ = {
			isa = PBXGroup;
			children = (
				9F56BCD62BDBBECC00274D0E /* PopularMovieListDTO.swift */,
			);
			path = DTO;
			sourceTree = "<group>";
		};
		9FD0E8EC2BD27A09006E7D71 /* Shared */ = {
			isa = PBXGroup;
			children = (
				9FD0E8F02BD27ACC006E7D71 /* ButtonView.swift */,
			);
			path = Shared;
			sourceTree = "<group>";
		};
		9FF643172BC6AE7A00026155 = {
			isa = PBXGroup;
			children = (
				9FF643222BC6AE7A00026155 /* WhatWeSee */,
				9FF643212BC6AE7A00026155 /* Products */,
			);
			sourceTree = "<group>";
		};
		9FF643212BC6AE7A00026155 /* Products */ = {
			isa = PBXGroup;
			children = (
				9FF643202BC6AE7A00026155 /* WhatWeSee.app */,
			);
			name = Products;
			sourceTree = "<group>";
		};
		9FF643222BC6AE7A00026155 /* WhatWeSee */ = {
			isa = PBXGroup;
			children = (
				9F4E80922BD67AF8000B195E /* Info.plist */,
				9F4E80782BD27F12000B195E /* Model */,
				9FD0E8EC2BD27A09006E7D71 /* Shared */,
				9FF643312BC6B16B00026155 /* UseCases */,
				9F4E80832BD28430000B195E /* Provider */,
				9F4E808D2BD676BF000B195E /* Utils */,
				9F4E80932BD67B23000B195E /* SupportingFiles */,
				9FF643232BC6AE7A00026155 /* WhatWeSeeApp.swift */,
				9FF643252BC6AE7A00026155 /* ContentView.swift */,
				9FF643272BC6AE7B00026155 /* Assets.xcassets */,
				9FF643292BC6AE7B00026155 /* Preview Content */,
			);
			path = WhatWeSee;
			sourceTree = "<group>";
		};
		9FF643292BC6AE7B00026155 /* Preview Content */ = {
			isa = PBXGroup;
			children = (
				9FF6432A2BC6AE7B00026155 /* Preview Assets.xcassets */,
			);
			path = "Preview Content";
			sourceTree = "<group>";
		};
		9FF643312BC6B16B00026155 /* UseCases */ = {
			isa = PBXGroup;
			children = (
				9FF643322BC6B18000026155 /* Home */,
			);
			path = UseCases;
			sourceTree = "<group>";
		};
		9FF643322BC6B18000026155 /* Home */ = {
			isa = PBXGroup;
			children = (
				9F4E80982BD68AAC000B195E /* Sections */,
				9FF643332BC6B24700026155 /* HomePopularView.swift */,
				9F4E80842BD28451000B195E /* HomePopularViewModel.swift */,
				9F4E80962BD685E2000B195E /* SectionsHomePopularView.swift */,
			);
			path = Home;
			sourceTree = "<group>";
		};
/* End PBXGroup section */

/* Begin PBXNativeTarget section */
		9FF6431F2BC6AE7A00026155 /* WhatWeSee */ = {
			isa = PBXNativeTarget;
			buildConfigurationList = 9FF6432E2BC6AE7B00026155 /* Build configuration list for PBXNativeTarget "WhatWeSee" */;
			buildPhases = (
				9FF6431C2BC6AE7A00026155 /* Sources */,
				9FF6431D2BC6AE7A00026155 /* Frameworks */,
				9FF6431E2BC6AE7A00026155 /* Resources */,
			);
			buildRules = (
			);
			dependencies = (
			);
			name = WhatWeSee;
			productName = WhatWeSee;
			productReference = 9FF643202BC6AE7A00026155 /* WhatWeSee.app */;
			productType = "com.apple.product-type.application";
		};
/* End PBXNativeTarget section */

/* Begin PBXProject section */
		9FF643182BC6AE7A00026155 /* Project object */ = {
			isa = PBXProject;
			attributes = {
				BuildIndependentTargetsInParallel = 1;
				LastSwiftUpdateCheck = 1510;
				LastUpgradeCheck = 1510;
				TargetAttributes = {
					9FF6431F2BC6AE7A00026155 = {
						CreatedOnToolsVersion = 15.1;
					};
				};
			};
			buildConfigurationList = 9FF6431B2BC6AE7A00026155 /* Build configuration list for PBXProject "WhatWeSee" */;
			compatibilityVersion = "Xcode 14.0";
			developmentRegion = en;
			hasScannedForEncodings = 0;
			knownRegions = (
				en,
				Base,
			);
			mainGroup = 9FF643172BC6AE7A00026155;
			productRefGroup = 9FF643212BC6AE7A00026155 /* Products */;
			projectDirPath = "";
			projectRoot = "";
			targets = (
				9FF6431F2BC6AE7A00026155 /* WhatWeSee */,
			);
		};
/* End PBXProject section */

/* Begin PBXResourcesBuildPhase section */
		9FF6431E2BC6AE7A00026155 /* Resources */ = {
			isa = PBXResourcesBuildPhase;
			buildActionMask = 2147483647;
			files = (
				9FF6432B2BC6AE7B00026155 /* Preview Assets.xcassets in Resources */,
				9FF643282BC6AE7B00026155 /* Assets.xcassets in Resources */,
			);
			runOnlyForDeploymentPostprocessing = 0;
		};
/* End PBXResourcesBuildPhase section */

/* Begin PBXSourcesBuildPhase section */
		9FF6431C2BC6AE7A00026155 /* Sources */ = {
			isa = PBXSourcesBuildPhase;
			buildActionMask = 2147483647;
			files = (
				9FF643342BC6B24700026155 /* HomePopularView.swift in Sources */,
				9F4E808F2BD676E7000B195E /* Constants.swift in Sources */,
				9FF643262BC6AE7A00026155 /* ContentView.swift in Sources */,
				9F4E80972BD685E2000B195E /* SectionsHomePopularView.swift in Sources */,
				9F4E808C2BD28E20000B195E /* Interactor.swift in Sources */,
				9F4E80A62BD92B67000B195E /* PopularMovieListMapper.swift in Sources */,
				9F4E809A2BD68ADC000B195E /* ListGenreSection.swift in Sources */,
				9F4E80A42BD92B49000B195E /* PopularMovieListBO.swift in Sources */,
				9FD0E8F12BD27ACC006E7D71 /* ButtonView.swift in Sources */,
				9F4E80822BD27FB9000B195E /* GenreMovieListMapper.swift in Sources */,
				9F4E80802BD27FAE000B195E /* GenreMovieListBO.swift in Sources */,
				9F4E809C2BD92827000B195E /* TheMostPopularSectionView.swift in Sources */,
				9F4E80912BD67AAF000B195E /* Util.swift in Sources */,
				9F4E80852BD28451000B195E /* HomePopularViewModel.swift in Sources */,
				9F4E807E2BD27FA3000B195E /* GenreMovieListDTO.swift in Sources */,
				9FF643242BC6AE7A00026155 /* WhatWeSeeApp.swift in Sources */,
				9F56BCD72BDBBECC00274D0E /* PopularMovieListDTO.swift in Sources */,
				9F4E80892BD2898A000B195E /* Repository.swift in Sources */,
			);
			runOnlyForDeploymentPostprocessing = 0;
		};
/* End PBXSourcesBuildPhase section */

/* Begin XCBuildConfiguration section */
		9FF6432C2BC6AE7B00026155 /* Debug */ = {
			isa = XCBuildConfiguration;
			buildSettings = {
				ALWAYS_SEARCH_USER_PATHS = NO;
				ASSETCATALOG_COMPILER_GENERATE_SWIFT_ASSET_SYMBOL_EXTENSIONS = YES;
				CLANG_ANALYZER_NONNULL = YES;
				CLANG_ANALYZER_NUMBER_OBJECT_CONVERSION = YES_AGGRESSIVE;
				CLANG_CXX_LANGUAGE_STANDARD = "gnu++20";
				CLANG_ENABLE_MODULES = YES;
				CLANG_ENABLE_OBJC_ARC = YES;
				CLANG_ENABLE_OBJC_WEAK = YES;
				CLANG_WARN_BLOCK_CAPTURE_AUTORELEASING = YES;
				CLANG_WARN_BOOL_CONVERSION = YES;
				CLANG_WARN_COMMA = YES;
				CLANG_WARN_CONSTANT_CONVERSION = YES;
				CLANG_WARN_DEPRECATED_OBJC_IMPLEMENTATIONS = YES;
				CLANG_WARN_DIRECT_OBJC_ISA_USAGE = YES_ERROR;
				CLANG_WARN_DOCUMENTATION_COMMENTS = YES;
				CLANG_WARN_EMPTY_BODY = YES;
				CLANG_WARN_ENUM_CONVERSION = YES;
				CLANG_WARN_INFINITE_RECURSION = YES;
				CLANG_WARN_INT_CONVERSION = YES;
				CLANG_WARN_NON_LITERAL_NULL_CONVERSION = YES;
				CLANG_WARN_OBJC_IMPLICIT_RETAIN_SELF = YES;
				CLANG_WARN_OBJC_LITERAL_CONVERSION = YES;
				CLANG_WARN_OBJC_ROOT_CLASS = YES_ERROR;
				CLANG_WARN_QUOTED_INCLUDE_IN_FRAMEWORK_HEADER = YES;
				CLANG_WARN_RANGE_LOOP_ANALYSIS = YES;
				CLANG_WARN_STRICT_PROTOTYPES = YES;
				CLANG_WARN_SUSPICIOUS_MOVE = YES;
				CLANG_WARN_UNGUARDED_AVAILABILITY = YES_AGGRESSIVE;
				CLANG_WARN_UNREACHABLE_CODE = YES;
				CLANG_WARN__DUPLICATE_METHOD_MATCH = YES;
				COPY_PHASE_STRIP = NO;
				DEBUG_INFORMATION_FORMAT = dwarf;
				ENABLE_STRICT_OBJC_MSGSEND = YES;
				ENABLE_TESTABILITY = YES;
				ENABLE_USER_SCRIPT_SANDBOXING = YES;
				GCC_C_LANGUAGE_STANDARD = gnu17;
				GCC_DYNAMIC_NO_PIC = NO;
				GCC_NO_COMMON_BLOCKS = YES;
				GCC_OPTIMIZATION_LEVEL = 0;
				GCC_PREPROCESSOR_DEFINITIONS = (
					"DEBUG=1",
					"$(inherited)",
				);
				GCC_WARN_64_TO_32_BIT_CONVERSION = YES;
				GCC_WARN_ABOUT_RETURN_TYPE = YES_ERROR;
				GCC_WARN_UNDECLARED_SELECTOR = YES;
				GCC_WARN_UNINITIALIZED_AUTOS = YES_AGGRESSIVE;
				GCC_WARN_UNUSED_FUNCTION = YES;
				GCC_WARN_UNUSED_VARIABLE = YES;
				IPHONEOS_DEPLOYMENT_TARGET = 17.2;
				LOCALIZATION_PREFERS_STRING_CATALOGS = YES;
				MTL_ENABLE_DEBUG_INFO = INCLUDE_SOURCE;
				MTL_FAST_MATH = YES;
				ONLY_ACTIVE_ARCH = YES;
				SDKROOT = iphoneos;
				SWIFT_ACTIVE_COMPILATION_CONDITIONS = "DEBUG $(inherited)";
				SWIFT_OPTIMIZATION_LEVEL = "-Onone";
			};
			name = Debug;
		};
		9FF6432D2BC6AE7B00026155 /* Release */ = {
			isa = XCBuildConfiguration;
			buildSettings = {
				ALWAYS_SEARCH_USER_PATHS = NO;
				ASSETCATALOG_COMPILER_GENERATE_SWIFT_ASSET_SYMBOL_EXTENSIONS = YES;
				CLANG_ANALYZER_NONNULL = YES;
				CLANG_ANALYZER_NUMBER_OBJECT_CONVERSION = YES_AGGRESSIVE;
				CLANG_CXX_LANGUAGE_STANDARD = "gnu++20";
				CLANG_ENABLE_MODULES = YES;
				CLANG_ENABLE_OBJC_ARC = YES;
				CLANG_ENABLE_OBJC_WEAK = YES;
				CLANG_WARN_BLOCK_CAPTURE_AUTORELEASING = YES;
				CLANG_WARN_BOOL_CONVERSION = YES;
				CLANG_WARN_COMMA = YES;
				CLANG_WARN_CONSTANT_CONVERSION = YES;
				CLANG_WARN_DEPRECATED_OBJC_IMPLEMENTATIONS = YES;
				CLANG_WARN_DIRECT_OBJC_ISA_USAGE = YES_ERROR;
				CLANG_WARN_DOCUMENTATION_COMMENTS = YES;
				CLANG_WARN_EMPTY_BODY = YES;
				CLANG_WARN_ENUM_CONVERSION = YES;
				CLANG_WARN_INFINITE_RECURSION = YES;
				CLANG_WARN_INT_CONVERSION = YES;
				CLANG_WARN_NON_LITERAL_NULL_CONVERSION = YES;
				CLANG_WARN_OBJC_IMPLICIT_RETAIN_SELF = YES;
				CLANG_WARN_OBJC_LITERAL_CONVERSION = YES;
				CLANG_WARN_OBJC_ROOT_CLASS = YES_ERROR;
				CLANG_WARN_QUOTED_INCLUDE_IN_FRAMEWORK_HEADER = YES;
				CLANG_WARN_RANGE_LOOP_ANALYSIS = YES;
				CLANG_WARN_STRICT_PROTOTYPES = YES;
				CLANG_WARN_SUSPICIOUS_MOVE = YES;
				CLANG_WARN_UNGUARDED_AVAILABILITY = YES_AGGRESSIVE;
				CLANG_WARN_UNREACHABLE_CODE = YES;
				CLANG_WARN__DUPLICATE_METHOD_MATCH = YES;
				COPY_PHASE_STRIP = NO;
				DEBUG_INFORMATION_FORMAT = "dwarf-with-dsym";
				ENABLE_NS_ASSERTIONS = NO;
				ENABLE_STRICT_OBJC_MSGSEND = YES;
				ENABLE_USER_SCRIPT_SANDBOXING = YES;
				GCC_C_LANGUAGE_STANDARD = gnu17;
				GCC_NO_COMMON_BLOCKS = YES;
				GCC_WARN_64_TO_32_BIT_CONVERSION = YES;
				GCC_WARN_ABOUT_RETURN_TYPE = YES_ERROR;
				GCC_WARN_UNDECLARED_SELECTOR = YES;
				GCC_WARN_UNINITIALIZED_AUTOS = YES_AGGRESSIVE;
				GCC_WARN_UNUSED_FUNCTION = YES;
				GCC_WARN_UNUSED_VARIABLE = YES;
				IPHONEOS_DEPLOYMENT_TARGET = 17.2;
				LOCALIZATION_PREFERS_STRING_CATALOGS = YES;
				MTL_ENABLE_DEBUG_INFO = NO;
				MTL_FAST_MATH = YES;
				SDKROOT = iphoneos;
				SWIFT_COMPILATION_MODE = wholemodule;
				VALIDATE_PRODUCT = YES;
			};
			name = Release;
		};
		9FF6432F2BC6AE7B00026155 /* Debug */ = {
			isa = XCBuildConfiguration;
			buildSettings = {
				ASSETCATALOG_COMPILER_APPICON_NAME = AppIcon;
				ASSETCATALOG_COMPILER_GLOBAL_ACCENT_COLOR_NAME = AccentColor;
				CODE_SIGN_STYLE = Automatic;
				CURRENT_PROJECT_VERSION = 1;
				DEVELOPMENT_ASSET_PATHS = "\"WhatWeSee/Preview Content\"";
				DEVELOPMENT_TEAM = NV5FY49WBP;
				ENABLE_PREVIEWS = YES;
				GENERATE_INFOPLIST_FILE = YES;
				INFOPLIST_FILE = WhatWeSee/Info.plist;
				INFOPLIST_KEY_UIApplicationSceneManifest_Generation = YES;
				INFOPLIST_KEY_UIApplicationSupportsIndirectInputEvents = YES;
				INFOPLIST_KEY_UILaunchScreen_Generation = YES;
				INFOPLIST_KEY_UISupportedInterfaceOrientations_iPad = "UIInterfaceOrientationPortrait UIInterfaceOrientationPortraitUpsideDown UIInterfaceOrientationLandscapeLeft UIInterfaceOrientationLandscapeRight";
				INFOPLIST_KEY_UISupportedInterfaceOrientations_iPhone = "UIInterfaceOrientationPortrait UIInterfaceOrientationLandscapeLeft UIInterfaceOrientationLandscapeRight";
				LD_RUNPATH_SEARCH_PATHS = (
					"$(inherited)",
					"@executable_path/Frameworks",
				);
				MARKETING_VERSION = 1.0;
				PRODUCT_BUNDLE_IDENTIFIER = andresaleu.WhatWeSee;
				PRODUCT_NAME = "$(TARGET_NAME)";
				SWIFT_EMIT_LOC_STRINGS = YES;
				SWIFT_VERSION = 5.0;
				TARGETED_DEVICE_FAMILY = "1,2";
			};
			name = Debug;
		};
		9FF643302BC6AE7B00026155 /* Release */ = {
			isa = XCBuildConfiguration;
			buildSettings = {
				ASSETCATALOG_COMPILER_APPICON_NAME = AppIcon;
				ASSETCATALOG_COMPILER_GLOBAL_ACCENT_COLOR_NAME = AccentColor;
				CODE_SIGN_STYLE = Automatic;
				CURRENT_PROJECT_VERSION = 1;
				DEVELOPMENT_ASSET_PATHS = "\"WhatWeSee/Preview Content\"";
				DEVELOPMENT_TEAM = NV5FY49WBP;
				ENABLE_PREVIEWS = YES;
				GENERATE_INFOPLIST_FILE = YES;
				INFOPLIST_FILE = WhatWeSee/Info.plist;
				INFOPLIST_KEY_UIApplicationSceneManifest_Generation = YES;
				INFOPLIST_KEY_UIApplicationSupportsIndirectInputEvents = YES;
				INFOPLIST_KEY_UILaunchScreen_Generation = YES;
				INFOPLIST_KEY_UISupportedInterfaceOrientations_iPad = "UIInterfaceOrientationPortrait UIInterfaceOrientationPortraitUpsideDown UIInterfaceOrientationLandscapeLeft UIInterfaceOrientationLandscapeRight";
				INFOPLIST_KEY_UISupportedInterfaceOrientations_iPhone = "UIInterfaceOrientationPortrait UIInterfaceOrientationLandscapeLeft UIInterfaceOrientationLandscapeRight";
				LD_RUNPATH_SEARCH_PATHS = (
					"$(inherited)",
					"@executable_path/Frameworks",
				);
				MARKETING_VERSION = 1.0;
				PRODUCT_BUNDLE_IDENTIFIER = andresaleu.WhatWeSee;
				PRODUCT_NAME = "$(TARGET_NAME)";
				SWIFT_EMIT_LOC_STRINGS = YES;
				SWIFT_VERSION = 5.0;
				TARGETED_DEVICE_FAMILY = "1,2";
			};
			name = Release;
		};
/* End XCBuildConfiguration section */

/* Begin XCConfigurationList section */
		9FF6431B2BC6AE7A00026155 /* Build configuration list for PBXProject "WhatWeSee" */ = {
			isa = XCConfigurationList;
			buildConfigurations = (
				9FF6432C2BC6AE7B00026155 /* Debug */,
				9FF6432D2BC6AE7B00026155 /* Release */,
			);
			defaultConfigurationIsVisible = 0;
			defaultConfigurationName = Release;
		};
		9FF6432E2BC6AE7B00026155 /* Build configuration list for PBXNativeTarget "WhatWeSee" */ = {
			isa = XCConfigurationList;
			buildConfigurations = (
				9FF6432F2BC6AE7B00026155 /* Debug */,
				9FF643302BC6AE7B00026155 /* Release */,
			);
			defaultConfigurationIsVisible = 0;
			defaultConfigurationName = Release;
		};
/* End XCConfigurationList section */
	};
	rootObject = 9FF643182BC6AE7A00026155 /* Project object */;
}
